
Microsoft Visual Studio Solution File, Format Version 12.00
# Visual Studio Version 17
VisualStudioVersion = 17.9.34902.65
MinimumVisualStudioVersion = 10.0.40219.1
Project("{9A19103F-16F7-4668-BE54-9A1E7A4F7556}") = "ManagerFile.Models", "ManagerFile.Models\ManagerFile.Models.csproj", "{AC92AEFC-C97A-4474-A396-1B8D2DA8C01C}"
EndProject
Project("{9A19103F-16F7-4668-BE54-9A1E7A4F7556}") = "ManagerFile.Services", "ManagerFile.Services\ManagerFile.Services.csproj", "{FC9A3E98-91FA-4350-AC6D-A7BF811EE0FE}"
EndProject
Project("{9A19103F-16F7-4668-BE54-9A1E7A4F7556}") = "ManagerFile.API", "ManagerFile.API\ManagerFile.API.csproj", "{C4753D31-2338-42EF-A302-3B648BA3E992}"
EndProject
Project("{FAE04EC0-301F-11D3-BF4B-00C04F79EFBC}") = "ManagerFile.Data", "ManagerFile.Data\ManagerFile.Data.csproj", "{7DA6442E-DF30-4459-885A-B00F74EE7A1A}"
EndProject
Project("{FAE04EC0-301F-11D3-BF4B-00C04F79EFBC}") = "ManagerFile.MVCClient", "ManagerFile.MVCClient\ManagerFile.MVCClient.csproj", "{7A21A961-8E50-4C2D-B171-5CF4DFDD9384}"
EndProject
Global
	GlobalSection(SolutionConfigurationPlatforms) = preSolution
		Debug|Any CPU = Debug|Any CPU
		Release|Any CPU = Release|Any CPU
	EndGlobalSection
	GlobalSection(ProjectConfigurationPlatforms) = postSolution
		{AC92AEFC-C97A-4474-A396-1B8D2DA8C01C}.Debug|Any CPU.ActiveCfg = Debug|Any CPU
		{AC92AEFC-C97A-4474-A396-1B8D2DA8C01C}.Debug|Any CPU.Build.0 = Debug|Any CPU
		{AC92AEFC-C97A-4474-A396-1B8D2DA8C01C}.Release|Any CPU.ActiveCfg = Release|Any CPU
		{AC92AEFC-C97A-4474-A396-1B8D2DA8C01C}.Release|Any CPU.Build.0 = Release|Any CPU
		{FC9A3E98-91FA-4350-AC6D-A7BF811EE0FE}.Debug|Any CPU.ActiveCfg = Debug|Any CPU
		{FC9A3E98-91FA-4350-AC6D-A7BF811EE0FE}.Debug|Any CPU.Build.0 = Debug|Any CPU
		{FC9A3E98-91FA-4350-AC6D-A7BF811EE0FE}.Release|Any CPU.ActiveCfg = Release|Any CPU
		{FC9A3E98-91FA-4350-AC6D-A7BF811EE0FE}.Release|Any CPU.Build.0 = Release|Any CPU
		{C4753D31-2338-42EF-A302-3B648BA3E992}.Debug|Any CPU.ActiveCfg = Debug|Any CPU
		{C4753D31-2338-42EF-A302-3B648BA3E992}.Debug|Any CPU.Build.0 = Debug|Any CPU
		{C4753D31-2338-42EF-A302-3B648BA3E992}.Release|Any CPU.ActiveCfg = Release|Any CPU
		{C4753D31-2338-42EF-A302-3B648BA3E992}.Release|Any CPU.Build.0 = Release|Any CPU
		{7DA6442E-DF30-4459-885A-B00F74EE7A1A}.Debug|Any CPU.ActiveCfg = Debug|Any CPU
		{7DA6442E-DF30-4459-885A-B00F74EE7A1A}.Debug|Any CPU.Build.0 = Debug|Any CPU
		{7DA6442E-DF30-4459-885A-B00F74EE7A1A}.Release|Any CPU.ActiveCfg = Release|Any CPU
		{7DA6442E-DF30-4459-885A-B00F74EE7A1A}.Release|Any CPU.Build.0 = Release|Any CPU
		{7A21A961-8E50-4C2D-B171-5CF4DFDD9384}.Debug|Any CPU.ActiveCfg = Debug|Any CPU
		{7A21A961-8E50-4C2D-B171-5CF4DFDD9384}.Debug|Any CPU.Build.0 = Debug|Any CPU
		{7A21A961-8E50-4C2D-B171-5CF4DFDD9384}.Release|Any CPU.ActiveCfg = Release|Any CPU
		{7A21A961-8E50-4C2D-B171-5CF4DFDD9384}.Release|Any CPU.Build.0 = Release|Any CPU
	EndGlobalSection
	GlobalSection(SolutionProperties) = preSolution
		HideSolutionNode = FALSE
	EndGlobalSection
	GlobalSection(ExtensibilityGlobals) = postSolution
		SolutionGuid = {3EC60E06-8E77-49A1-959D-E5524F0C1AD1}
	EndGlobalSection
EndGlobal
